
Microsoft Visual Studio Solution File, Format Version 12.00
# Visual Studio 15
VisualStudioVersion = 15.0.27703.2042
MinimumVisualStudioVersion = 10.0.40219.1
Project("{FAE04EC0-301F-11D3-BF4B-00C04F79EFBC}") = "PBASE.Entity", "PBASE.Entity\PBASE.Entity.csproj", "{48F672E8-4513-4F7E-A296-C0CCC87F9AA1}"
EndProject
Project("{FAE04EC0-301F-11D3-BF4B-00C04F79EFBC}") = "PBASE.Repository", "PBASE.Repository\PBASE.Repository.csproj", "{A9F879BC-CA11-4470-A655-8541B5DA41A1}"
EndProject
Project("{FAE04EC0-301F-11D3-BF4B-00C04F79EFBC}") = "PBASE.Service", "PBASE.Service\PBASE.Service.csproj", "{BA69BB65-147A-42D8-A6F5-5D1E57E2D783}"
EndProject
Project("{FAE04EC0-301F-11D3-BF4B-00C04F79EFBC}") = "PBASE.WebAPI", "PBASE.WebAPI\PBASE.WebAPI.csproj", "{A859840A-EF31-45AA-AF08-0805084660C7}"
EndProject
Project("{FAE04EC0-301F-11D3-BF4B-00C04F79EFBC}") = "PBASE.UI", "PBASE.UI\PBASE.UI.csproj", "{B3621D71-7BB4-4024-89F9-D1B55F76497D}"
EndProject
Global
	GlobalSection(SolutionConfigurationPlatforms) = preSolution
		Debug|Any CPU = Debug|Any CPU
		Dev|Any CPU = Dev|Any CPU
		Live|Any CPU = Live|Any CPU
		Release|Any CPU = Release|Any CPU
		Uat|Any CPU = Uat|Any CPU
	EndGlobalSection
	GlobalSection(ProjectConfigurationPlatforms) = postSolution
		{48F672E8-4513-4F7E-A296-C0CCC87F9AA1}.Debug|Any CPU.ActiveCfg = Debug|Any CPU
		{48F672E8-4513-4F7E-A296-C0CCC87F9AA1}.Debug|Any CPU.Build.0 = Debug|Any CPU
		{48F672E8-4513-4F7E-A296-C0CCC87F9AA1}.Dev|Any CPU.ActiveCfg = Dev|Any CPU
		{48F672E8-4513-4F7E-A296-C0CCC87F9AA1}.Dev|Any CPU.Build.0 = Dev|Any CPU
		{48F672E8-4513-4F7E-A296-C0CCC87F9AA1}.Live|Any CPU.ActiveCfg = Live|Any CPU
		{48F672E8-4513-4F7E-A296-C0CCC87F9AA1}.Live|Any CPU.Build.0 = Live|Any CPU
		{48F672E8-4513-4F7E-A296-C0CCC87F9AA1}.Release|Any CPU.ActiveCfg = Release|Any CPU
		{48F672E8-4513-4F7E-A296-C0CCC87F9AA1}.Release|Any CPU.Build.0 = Release|Any CPU
		{48F672E8-4513-4F7E-A296-C0CCC87F9AA1}.Uat|Any CPU.ActiveCfg = Uat|Any CPU
		{48F672E8-4513-4F7E-A296-C0CCC87F9AA1}.Uat|Any CPU.Build.0 = Uat|Any CPU
		{A9F879BC-CA11-4470-A655-8541B5DA41A1}.Debug|Any CPU.ActiveCfg = Debug|Any CPU
		{A9F879BC-CA11-4470-A655-8541B5DA41A1}.Debug|Any CPU.Build.0 = Debug|Any CPU
		{A9F879BC-CA11-4470-A655-8541B5DA41A1}.Dev|Any CPU.ActiveCfg = Dev|Any CPU
		{A9F879BC-CA11-4470-A655-8541B5DA41A1}.Dev|Any CPU.Build.0 = Dev|Any CPU
		{A9F879BC-CA11-4470-A655-8541B5DA41A1}.Live|Any CPU.ActiveCfg = Live|Any CPU
		{A9F879BC-CA11-4470-A655-8541B5DA41A1}.Live|Any CPU.Build.0 = Live|Any CPU
		{A9F879BC-CA11-4470-A655-8541B5DA41A1}.Release|Any CPU.ActiveCfg = Release|Any CPU
		{A9F879BC-CA11-4470-A655-8541B5DA41A1}.Release|Any CPU.Build.0 = Release|Any CPU
		{A9F879BC-CA11-4470-A655-8541B5DA41A1}.Uat|Any CPU.ActiveCfg = Uat|Any CPU
		{A9F879BC-CA11-4470-A655-8541B5DA41A1}.Uat|Any CPU.Build.0 = Uat|Any CPU
		{BA69BB65-147A-42D8-A6F5-5D1E57E2D783}.Debug|Any CPU.ActiveCfg = Debug|Any CPU
		{BA69BB65-147A-42D8-A6F5-5D1E57E2D783}.Debug|Any CPU.Build.0 = Debug|Any CPU
		{BA69BB65-147A-42D8-A6F5-5D1E57E2D783}.Dev|Any CPU.ActiveCfg = Dev|Any CPU
		{BA69BB65-147A-42D8-A6F5-5D1E57E2D783}.Dev|Any CPU.Build.0 = Dev|Any CPU
		{BA69BB65-147A-42D8-A6F5-5D1E57E2D783}.Live|Any CPU.ActiveCfg = Live|Any CPU
		{BA69BB65-147A-42D8-A6F5-5D1E57E2D783}.Live|Any CPU.Build.0 = Live|Any CPU
		{BA69BB65-147A-42D8-A6F5-5D1E57E2D783}.Release|Any CPU.ActiveCfg = Release|Any CPU
		{BA69BB65-147A-42D8-A6F5-5D1E57E2D783}.Release|Any CPU.Build.0 = Release|Any CPU
		{BA69BB65-147A-42D8-A6F5-5D1E57E2D783}.Uat|Any CPU.ActiveCfg = Uat|Any CPU
		{BA69BB65-147A-42D8-A6F5-5D1E57E2D783}.Uat|Any CPU.Build.0 = Uat|Any CPU
		{A859840A-EF31-45AA-AF08-0805084660C7}.Debug|Any CPU.ActiveCfg = Debug|Any CPU
		{A859840A-EF31-45AA-AF08-0805084660C7}.Debug|Any CPU.Build.0 = Debug|Any CPU
		{A859840A-EF31-45AA-AF08-0805084660C7}.Dev|Any CPU.ActiveCfg = Dev|Any CPU
		{A859840A-EF31-45AA-AF08-0805084660C7}.Dev|Any CPU.Build.0 = Dev|Any CPU
		{A859840A-EF31-45AA-AF08-0805084660C7}.Live|Any CPU.ActiveCfg = Live|Any CPU
		{A859840A-EF31-45AA-AF08-0805084660C7}.Live|Any CPU.Build.0 = Live|Any CPU
		{A859840A-EF31-45AA-AF08-0805084660C7}.Release|Any CPU.ActiveCfg = Release|Any CPU
		{A859840A-EF31-45AA-AF08-0805084660C7}.Release|Any CPU.Build.0 = Release|Any CPU
		{A859840A-EF31-45AA-AF08-0805084660C7}.Uat|Any CPU.ActiveCfg = Uat|Any CPU
		{A859840A-EF31-45AA-AF08-0805084660C7}.Uat|Any CPU.Build.0 = Uat|Any CPU
		{B3621D71-7BB4-4024-89F9-D1B55F76497D}.Debug|Any CPU.ActiveCfg = Debug|Any CPU
		{B3621D71-7BB4-4024-89F9-D1B55F76497D}.Debug|Any CPU.Build.0 = Debug|Any CPU
		{B3621D71-7BB4-4024-89F9-D1B55F76497D}.Dev|Any CPU.ActiveCfg = Dev|Any CPU
		{B3621D71-7BB4-4024-89F9-D1B55F76497D}.Dev|Any CPU.Build.0 = Dev|Any CPU
		{B3621D71-7BB4-4024-89F9-D1B55F76497D}.Live|Any CPU.ActiveCfg = Live|Any CPU
		{B3621D71-7BB4-4024-89F9-D1B55F76497D}.Live|Any CPU.Build.0 = Live|Any CPU
		{B3621D71-7BB4-4024-89F9-D1B55F76497D}.Release|Any CPU.ActiveCfg = Release|Any CPU
		{B3621D71-7BB4-4024-89F9-D1B55F76497D}.Release|Any CPU.Build.0 = Release|Any CPU
		{B3621D71-7BB4-4024-89F9-D1B55F76497D}.Uat|Any CPU.ActiveCfg = Uat|Any CPU
		{B3621D71-7BB4-4024-89F9-D1B55F76497D}.Uat|Any CPU.Build.0 = Uat|Any CPU
	EndGlobalSection
	GlobalSection(SolutionProperties) = preSolution
		HideSolutionNode = FALSE
	EndGlobalSection
	GlobalSection(ExtensibilityGlobals) = postSolution
		SolutionGuid = {085481EE-2869-45FE-B8A7-E55033E8E0BD}
	EndGlobalSection
EndGlobal
